
Microsoft Visual Studio Solution File, Format Version 12.00
# Visual Studio 15
VisualStudioVersion = 15.0.27703.2026
MinimumVisualStudioVersion = 10.0.40219.1
Project("{FAE04EC0-301F-11D3-BF4B-00C04F79EFBC}") = "crossPlat.Android", "crossPlat\crossPlat.Android\crossPlat.Android.csproj", "{0095389C-BF49-4D26-A17F-053D9DE33471}"
EndProject
Project("{FAE04EC0-301F-11D3-BF4B-00C04F79EFBC}") = "crossPlat.iOS", "crossPlat\crossPlat.iOS\crossPlat.iOS.csproj", "{D4CE0189-3580-4BF0-AD50-285DF9311B6B}"
EndProject
Project("{FAE04EC0-301F-11D3-BF4B-00C04F79EFBC}") = "crossPlat", "crossPlat\crossPlat\crossPlat.csproj", "{582CA6A0-4F34-44F9-9338-1C8DDEEE3851}"
EndProject
Global
	GlobalSection(SolutionConfigurationPlatforms) = preSolution
		Ad-Hoc|Any CPU = Ad-Hoc|Any CPU
		Ad-Hoc|iPhone = Ad-Hoc|iPhone
		Ad-Hoc|iPhoneSimulator = Ad-Hoc|iPhoneSimulator
		AppStore|Any CPU = AppStore|Any CPU
		AppStore|iPhone = AppStore|iPhone
		AppStore|iPhoneSimulator = AppStore|iPhoneSimulator
		Debug|Any CPU = Debug|Any CPU
		Debug|iPhone = Debug|iPhone
		Debug|iPhoneSimulator = Debug|iPhoneSimulator
		Release|Any CPU = Release|Any CPU
		Release|iPhone = Release|iPhone
		Release|iPhoneSimulator = Release|iPhoneSimulator
	EndGlobalSection
	GlobalSection(ProjectConfigurationPlatforms) = postSolution
		{0095389C-BF49-4D26-A17F-053D9DE33471}.Ad-Hoc|Any CPU.ActiveCfg = Release|Any CPU
		{0095389C-BF49-4D26-A17F-053D9DE33471}.Ad-Hoc|Any CPU.Build.0 = Release|Any CPU
		{0095389C-BF49-4D26-A17F-053D9DE33471}.Ad-Hoc|Any CPU.Deploy.0 = Release|Any CPU
		{0095389C-BF49-4D26-A17F-053D9DE33471}.Ad-Hoc|iPhone.ActiveCfg = Release|Any CPU
		{0095389C-BF49-4D26-A17F-053D9DE33471}.Ad-Hoc|iPhone.Build.0 = Release|Any CPU
		{0095389C-BF49-4D26-A17F-053D9DE33471}.Ad-Hoc|iPhone.Deploy.0 = Release|Any CPU
		{0095389C-BF49-4D26-A17F-053D9DE33471}.Ad-Hoc|iPhoneSimulator.ActiveCfg = Release|Any CPU
		{0095389C-BF49-4D26-A17F-053D9DE33471}.Ad-Hoc|iPhoneSimulator.Build.0 = Release|Any CPU
		{0095389C-BF49-4D26-A17F-053D9DE33471}.Ad-Hoc|iPhoneSimulator.Deploy.0 = Release|Any CPU
		{0095389C-BF49-4D26-A17F-053D9DE33471}.AppStore|Any CPU.ActiveCfg = Release|Any CPU
		{0095389C-BF49-4D26-A17F-053D9DE33471}.AppStore|Any CPU.Build.0 = Release|Any CPU
		{0095389C-BF49-4D26-A17F-053D9DE33471}.AppStore|Any CPU.Deploy.0 = Release|Any CPU
		{0095389C-BF49-4D26-A17F-053D9DE33471}.AppStore|iPhone.ActiveCfg = Release|Any CPU
		{0095389C-BF49-4D26-A17F-053D9DE33471}.AppStore|iPhone.Build.0 = Release|Any CPU
		{0095389C-BF49-4D26-A17F-053D9DE33471}.AppStore|iPhone.Deploy.0 = Release|Any CPU
		{0095389C-BF49-4D26-A17F-053D9DE33471}.AppStore|iPhoneSimulator.ActiveCfg = Release|Any CPU
		{0095389C-BF49-4D26-A17F-053D9DE33471}.AppStore|iPhoneSimulator.Build.0 = Release|Any CPU
		{0095389C-BF49-4D26-A17F-053D9DE33471}.AppStore|iPhoneSimulator.Deploy.0 = Release|Any CPU
		{0095389C-BF49-4D26-A17F-053D9DE33471}.Debug|Any CPU.ActiveCfg = Debug|Any CPU
		{0095389C-BF49-4D26-A17F-053D9DE33471}.Debug|Any CPU.Build.0 = Debug|Any CPU
		{0095389C-BF49-4D26-A17F-053D9DE33471}.Debug|Any CPU.Deploy.0 = Debug|Any CPU
		{0095389C-BF49-4D26-A17F-053D9DE33471}.Debug|iPhone.ActiveCfg = Debug|Any CPU
		{0095389C-BF49-4D26-A17F-053D9DE33471}.Debug|iPhone.Build.0 = Debug|Any CPU
		{0095389C-BF49-4D26-A17F-053D9DE33471}.Debug|iPhone.Deploy.0 = Debug|Any CPU
		{0095389C-BF49-4D26-A17F-053D9DE33471}.Debug|iPhoneSimulator.ActiveCfg = Debug|Any CPU
		{0095389C-BF49-4D26-A17F-053D9DE33471}.Debug|iPhoneSimulator.Build.0 = Debug|Any CPU
		{0095389C-BF49-4D26-A17F-053D9DE33471}.Debug|iPhoneSimulator.Deploy.0 = Debug|Any CPU
		{0095389C-BF49-4D26-A17F-053D9DE33471}.Release|Any CPU.ActiveCfg = Release|Any CPU
		{0095389C-BF49-4D26-A17F-053D9DE33471}.Release|Any CPU.Build.0 = Release|Any CPU
		{0095389C-BF49-4D26-A17F-053D9DE33471}.Release|Any CPU.Deploy.0 = Release|Any CPU
		{0095389C-BF49-4D26-A17F-053D9DE33471}.Release|iPhone.ActiveCfg = Release|Any CPU
		{0095389C-BF49-4D26-A17F-053D9DE33471}.Release|iPhone.Build.0 = Release|Any CPU
		{0095389C-BF49-4D26-A17F-053D9DE33471}.Release|iPhone.Deploy.0 = Release|Any CPU
		{0095389C-BF49-4D26-A17F-053D9DE33471}.Release|iPhoneSimulator.ActiveCfg = Release|Any CPU
		{0095389C-BF49-4D26-A17F-053D9DE33471}.Release|iPhoneSimulator.Build.0 = Release|Any CPU
		{0095389C-BF49-4D26-A17F-053D9DE33471}.Release|iPhoneSimulator.Deploy.0 = Release|Any CPU
		{D4CE0189-3580-4BF0-AD50-285DF9311B6B}.Ad-Hoc|Any CPU.ActiveCfg = Ad-Hoc|iPhone
		{D4CE0189-3580-4BF0-AD50-285DF9311B6B}.Ad-Hoc|Any CPU.Build.0 = Ad-Hoc|iPhone
		{D4CE0189-3580-4BF0-AD50-285DF9311B6B}.Ad-Hoc|Any CPU.Deploy.0 = Ad-Hoc|iPhone
		{D4CE0189-3580-4BF0-AD50-285DF9311B6B}.Ad-Hoc|iPhone.ActiveCfg = Ad-Hoc|iPhone
		{D4CE0189-3580-4BF0-AD50-285DF9311B6B}.Ad-Hoc|iPhone.Build.0 = Ad-Hoc|iPhone
		{D4CE0189-3580-4BF0-AD50-285DF9311B6B}.Ad-Hoc|iPhone.Deploy.0 = Ad-Hoc|iPhone
		{D4CE0189-3580-4BF0-AD50-285DF9311B6B}.Ad-Hoc|iPhoneSimulator.ActiveCfg = Ad-Hoc|iPhoneSimulator
		{D4CE0189-3580-4BF0-AD50-285DF9311B6B}.Ad-Hoc|iPhoneSimulator.Build.0 = Ad-Hoc|iPhoneSimulator
		{D4CE0189-3580-4BF0-AD50-285DF9311B6B}.Ad-Hoc|iPhoneSimulator.Deploy.0 = Ad-Hoc|iPhoneSimulator
		{D4CE0189-3580-4BF0-AD50-285DF9311B6B}.AppStore|Any CPU.ActiveCfg = AppStore|iPhone
		{D4CE0189-3580-4BF0-AD50-285DF9311B6B}.AppStore|Any CPU.Build.0 = AppStore|iPhone
		{D4CE0189-3580-4BF0-AD50-285DF9311B6B}.AppStore|Any CPU.Deploy.0 = AppStore|iPhone
		{D4CE0189-3580-4BF0-AD50-285DF9311B6B}.AppStore|iPhone.ActiveCfg = AppStore|iPhone
		{D4CE0189-3580-4BF0-AD50-285DF9311B6B}.AppStore|iPhone.Build.0 = AppStore|iPhone
		{D4CE0189-3580-4BF0-AD50-285DF9311B6B}.AppStore|iPhone.Deploy.0 = AppStore|iPhone
		{D4CE0189-3580-4BF0-AD50-285DF9311B6B}.AppStore|iPhoneSimulator.ActiveCfg = AppStore|iPhoneSimulator
		{D4CE0189-3580-4BF0-AD50-285DF9311B6B}.AppStore|iPhoneSimulator.Build.0 = AppStore|iPhoneSimulator
		{D4CE0189-3580-4BF0-AD50-285DF9311B6B}.AppStore|iPhoneSimulator.Deploy.0 = AppStore|iPhoneSimulator
		{D4CE0189-3580-4BF0-AD50-285DF9311B6B}.Debug|Any CPU.ActiveCfg = Debug|iPhoneSimulator
		{D4CE0189-3580-4BF0-AD50-285DF9311B6B}.Debug|Any CPU.Build.0 = Debug|iPhoneSimulator
		{D4CE0189-3580-4BF0-AD50-285DF9311B6B}.Debug|Any CPU.Deploy.0 = Debug|iPhoneSimulator
		{D4CE0189-3580-4BF0-AD50-285DF9311B6B}.Debug|iPhone.ActiveCfg = Debug|iPhone
		{D4CE0189-3580-4BF0-AD50-285DF9311B6B}.Debug|iPhone.Build.0 = Debug|iPhone
		{D4CE0189-3580-4BF0-AD50-285DF9311B6B}.Debug|iPhone.Deploy.0 = Debug|iPhone
		{D4CE0189-3580-4BF0-AD50-285DF9311B6B}.Debug|iPhoneSimulator.ActiveCfg = Debug|iPhoneSimulator
		{D4CE0189-3580-4BF0-AD50-285DF9311B6B}.Debug|iPhoneSimulator.Build.0 = Debug|iPhoneSimulator
		{D4CE0189-3580-4BF0-AD50-285DF9311B6B}.Debug|iPhoneSimulator.Deploy.0 = Debug|iPhoneSimulator
		{D4CE0189-3580-4BF0-AD50-285DF9311B6B}.Release|Any CPU.ActiveCfg = Release|iPhone
		{D4CE0189-3580-4BF0-AD50-285DF9311B6B}.Release|Any CPU.Build.0 = Release|iPhone
		{D4CE0189-3580-4BF0-AD50-285DF9311B6B}.Release|Any CPU.Deploy.0 = Release|iPhone
		{D4CE0189-3580-4BF0-AD50-285DF9311B6B}.Release|iPhone.ActiveCfg = Release|iPhone
		{D4CE0189-3580-4BF0-AD50-285DF9311B6B}.Release|iPhone.Build.0 = Release|iPhone
		{D4CE0189-3580-4BF0-AD50-285DF9311B6B}.Release|iPhone.Deploy.0 = Release|iPhone
		{D4CE0189-3580-4BF0-AD50-285DF9311B6B}.Release|iPhoneSimulator.ActiveCfg = Release|iPhoneSimulator
		{D4CE0189-3580-4BF0-AD50-285DF9311B6B}.Release|iPhoneSimulator.Build.0 = Release|iPhoneSimulator
		{D4CE0189-3580-4BF0-AD50-285DF9311B6B}.Release|iPhoneSimulator.Deploy.0 = Release|iPhoneSimulator
		{582CA6A0-4F34-44F9-9338-1C8DDEEE3851}.Ad-Hoc|Any CPU.ActiveCfg = Debug|Any CPU
		{582CA6A0-4F34-44F9-9338-1C8DDEEE3851}.Ad-Hoc|Any CPU.Build.0 = Debug|Any CPU
		{582CA6A0-4F34-44F9-9338-1C8DDEEE3851}.Ad-Hoc|Any CPU.Deploy.0 = Debug|Any CPU
		{582CA6A0-4F34-44F9-9338-1C8DDEEE3851}.Ad-Hoc|iPhone.ActiveCfg = Debug|Any CPU
		{582CA6A0-4F34-44F9-9338-1C8DDEEE3851}.Ad-Hoc|iPhone.Build.0 = Debug|Any CPU
		{582CA6A0-4F34-44F9-9338-1C8DDEEE3851}.Ad-Hoc|iPhone.Deploy.0 = Debug|Any CPU
		{582CA6A0-4F34-44F9-9338-1C8DDEEE3851}.Ad-Hoc|iPhoneSimulator.ActiveCfg = Debug|Any CPU
		{582CA6A0-4F34-44F9-9338-1C8DDEEE3851}.Ad-Hoc|iPhoneSimulator.Build.0 = Debug|Any CPU
		{582CA6A0-4F34-44F9-9338-1C8DDEEE3851}.Ad-Hoc|iPhoneSimulator.Deploy.0 = Debug|Any CPU
		{582CA6A0-4F34-44F9-9338-1C8DDEEE3851}.AppStore|Any CPU.ActiveCfg = Debug|Any CPU
		{582CA6A0-4F34-44F9-9338-1C8DDEEE3851}.AppStore|Any CPU.Build.0 = Debug|Any CPU
		{582CA6A0-4F34-44F9-9338-1C8DDEEE3851}.AppStore|Any CPU.Deploy.0 = Debug|Any CPU
		{582CA6A0-4F34-44F9-9338-1C8DDEEE3851}.AppStore|iPhone.ActiveCfg = Debug|Any CPU
		{582CA6A0-4F34-44F9-9338-1C8DDEEE3851}.AppStore|iPhone.Build.0 = Debug|Any CPU
		{582CA6A0-4F34-44F9-9338-1C8DDEEE3851}.AppStore|iPhone.Deploy.0 = Debug|Any CPU
		{582CA6A0-4F34-44F9-9338-1C8DDEEE3851}.AppStore|iPhoneSimulator.ActiveCfg = Debug|Any CPU
		{582CA6A0-4F34-44F9-9338-1C8DDEEE3851}.AppStore|iPhoneSimulator.Build.0 = Debug|Any CPU
		{582CA6A0-4F34-44F9-9338-1C8DDEEE3851}.AppStore|iPhoneSimulator.Deploy.0 = Debug|Any CPU
		{582CA6A0-4F34-44F9-9338-1C8DDEEE3851}.Debug|Any CPU.ActiveCfg = Debug|Any CPU
		{582CA6A0-4F34-44F9-9338-1C8DDEEE3851}.Debug|Any CPU.Build.0 = Debug|Any CPU
		{582CA6A0-4F34-44F9-9338-1C8DDEEE3851}.Debug|Any CPU.Deploy.0 = Debug|Any CPU
		{582CA6A0-4F34-44F9-9338-1C8DDEEE3851}.Debug|iPhone.ActiveCfg = Debug|Any CPU
		{582CA6A0-4F34-44F9-9338-1C8DDEEE3851}.Debug|iPhone.Build.0 = Debug|Any CPU
		{582CA6A0-4F34-44F9-9338-1C8DDEEE3851}.Debug|iPhone.Deploy.0 = Debug|Any CPU
		{582CA6A0-4F34-44F9-9338-1C8DDEEE3851}.Debug|iPhoneSimulator.ActiveCfg = Debug|Any CPU
		{582CA6A0-4F34-44F9-9338-1C8DDEEE3851}.Debug|iPhoneSimulator.Build.0 = Debug|Any CPU
		{582CA6A0-4F34-44F9-9338-1C8DDEEE3851}.Debug|iPhoneSimulator.Deploy.0 = Debug|Any CPU
		{582CA6A0-4F34-44F9-9338-1C8DDEEE3851}.Release|Any CPU.ActiveCfg = Release|Any CPU
		{582CA6A0-4F34-44F9-9338-1C8DDEEE3851}.Release|Any CPU.Build.0 = Release|Any CPU
		{582CA6A0-4F34-44F9-9338-1C8DDEEE3851}.Release|Any CPU.Deploy.0 = Release|Any CPU
		{582CA6A0-4F34-44F9-9338-1C8DDEEE3851}.Release|iPhone.ActiveCfg = Release|Any CPU
		{582CA6A0-4F34-44F9-9338-1C8DDEEE3851}.Release|iPhone.Build.0 = Release|Any CPU
		{582CA6A0-4F34-44F9-9338-1C8DDEEE3851}.Release|iPhone.Deploy.0 = Release|Any CPU
		{582CA6A0-4F34-44F9-9338-1C8DDEEE3851}.Release|iPhoneSimulator.ActiveCfg = Release|Any CPU
		{582CA6A0-4F34-44F9-9338-1C8DDEEE3851}.Release|iPhoneSimulator.Build.0 = Release|Any CPU
		{582CA6A0-4F34-44F9-9338-1C8DDEEE3851}.Release|iPhoneSimulator.Deploy.0 = Release|Any CPU
	EndGlobalSection
	GlobalSection(SolutionProperties) = preSolution
		HideSolutionNode = FALSE
	EndGlobalSection
	GlobalSection(ExtensibilityGlobals) = postSolution
		SolutionGuid = {5C2ACD17-FEF8-4902-B70E-48B539681C55}
	EndGlobalSection
EndGlobal
